
Microsoft Visual Studio Solution File, Format Version 12.00
# Visual Studio Version 16
VisualStudioVersion = 16.0.31729.503
MinimumVisualStudioVersion = 10.0.40219.1
Project("{FAE04EC0-301F-11D3-BF4B-00C04F79EFBC}") = "ConsoleApp1", "ConsoleApp1\ConsoleApp1.csproj", "{2D72B7C2-23AA-4487-AC2C-41A33893E00C}"
EndProject
Global
	GlobalSection(SolutionConfigurationPlatforms) = preSolution
		Debug|Any CPU = Debug|Any CPU
		Release|Any CPU = Release|Any CPU
	EndGlobalSection
	GlobalSection(ProjectConfigurationPlatforms) = postSolution
		{2D72B7C2-23AA-4487-AC2C-41A33893E00C}.Debug|Any CPU.ActiveCfg = Debug|Any CPU
		{2D72B7C2-23AA-4487-AC2C-41A33893E00C}.Debug|Any CPU.Build.0 = Debug|Any CPU
		{2D72B7C2-23AA-4487-AC2C-41A33893E00C}.Release|Any CPU.ActiveCfg = Release|Any CPU
		{2D72B7C2-23AA-4487-AC2C-41A33893E00C}.Release|Any CPU.Build.0 = Release|Any CPU
	EndGlobalSection
	GlobalSection(SolutionProperties) = preSolution
		HideSolutionNode = FALSE
	EndGlobalSection
	GlobalSection(ExtensibilityGlobals) = postSolution
		SolutionGuid = {E74225C3-D0E7-47DF-83D9-80CFACD6B461}
	EndGlobalSection
EndGlobal
